Microsoft Visual Studio Solution File, Format Version 12.00
# Visual Studio Version 16
VisualStudioVersion = 16.0.30413.136
MinimumVisualStudioVersion = 10.0.40219.1
Project("{9A19103F-16F7-4668-BE54-9A1E7A4F7556}") = "Pomidoros", "Pomidoros\Pomidoros.csproj", "{69DA654C-7519-425A-948D-B97D6506CB98}"
EndProject
Project("{2150E333-8FDC-42A3-9474-1A3956D46DE8}") = "Services", "Services", "{46A55342-49AC-4C2A-A476-2B808B13F65F}"
EndProject
Project("{2150E333-8FDC-42A3-9474-1A3956D46DE8}") = "Tools", "Tools", "{F541D6C5-78CC-4AE1-86F4-3D580FF6AC62}"
EndProject
Project("{2150E333-8FDC-42A3-9474-1A3956D46DE8}") = "Apps", "Apps", "{C343D60B-4E73-4E44-A0CC-FF55AF557C47}"
EndProject
Project("{FAE04EC0-301F-11D3-BF4B-00C04F79EFBC}") = "Pomidoros.Android", "Apps\Pomidoros.Android\Pomidoros.Android.csproj", "{56009548-589A-44FE-8D1D-9ED9C2BFE25B}"
EndProject
Project("{FAE04EC0-301F-11D3-BF4B-00C04F79EFBC}") = "Core", "Tools\Core\Core.csproj", "{1E1404A1-C8E0-45D0-B69E-E88D53490100}"
EndProject
Project("{FAE04EC0-301F-11D3-BF4B-00C04F79EFBC}") = "Services.Models", "Services\Services.Models\Services.Models.csproj", "{E56A02F2-413B-4E59-B2FD-BDADCD827B07}"
EndProject
Project("{FAE04EC0-301F-11D3-BF4B-00C04F79EFBC}") = "Services.API", "Services\Services.API\Services.API.csproj", "{FBB1594D-B892-4FCB-BA30-A0D4E2F6BC5B}"
EndProject
Project("{FAE04EC0-301F-11D3-BF4B-00C04F79EFBC}") = "Services", "Services\Services\Services.csproj", "{1FB4EE31-DF41-4A4C-8E81-013B39C66CD0}"
EndProject
Global
	GlobalSection(SolutionConfigurationPlatforms) = preSolution
		Debug|Any CPU = Debug|Any CPU
		Debug|iPhone = Debug|iPhone
		Debug|iPhoneSimulator = Debug|iPhoneSimulator
		Release|Any CPU = Release|Any CPU
		Release|iPhone = Release|iPhone
		Release|iPhoneSimulator = Release|iPhoneSimulator
	EndGlobalSection
	GlobalSection(ProjectConfigurationPlatforms) = postSolution
		{69DA654C-7519-425A-948D-B97D6506CB98}.Debug|Any CPU.ActiveCfg = Debug|Any CPU
		{69DA654C-7519-425A-948D-B97D6506CB98}.Debug|Any CPU.Build.0 = Debug|Any CPU
		{69DA654C-7519-425A-948D-B97D6506CB98}.Debug|iPhone.ActiveCfg = Debug|Any CPU
		{69DA654C-7519-425A-948D-B97D6506CB98}.Debug|iPhone.Build.0 = Debug|Any CPU
		{69DA654C-7519-425A-948D-B97D6506CB98}.Debug|iPhoneSimulator.ActiveCfg = Debug|Any CPU
		{69DA654C-7519-425A-948D-B97D6506CB98}.Debug|iPhoneSimulator.Build.0 = Debug|Any CPU
		{69DA654C-7519-425A-948D-B97D6506CB98}.Release|Any CPU.ActiveCfg = Release|Any CPU
		{69DA654C-7519-425A-948D-B97D6506CB98}.Release|Any CPU.Build.0 = Release|Any CPU
		{69DA654C-7519-425A-948D-B97D6506CB98}.Release|iPhone.ActiveCfg = Release|Any CPU
		{69DA654C-7519-425A-948D-B97D6506CB98}.Release|iPhone.Build.0 = Release|Any CPU
		{69DA654C-7519-425A-948D-B97D6506CB98}.Release|iPhoneSimulator.ActiveCfg = Release|Any CPU
		{69DA654C-7519-425A-948D-B97D6506CB98}.Release|iPhoneSimulator.Build.0 = Release|Any CPU
		{56009548-589A-44FE-8D1D-9ED9C2BFE25B}.Debug|Any CPU.ActiveCfg = Debug|Any CPU
		{56009548-589A-44FE-8D1D-9ED9C2BFE25B}.Debug|Any CPU.Build.0 = Debug|Any CPU
		{56009548-589A-44FE-8D1D-9ED9C2BFE25B}.Debug|iPhone.ActiveCfg = Debug|Any CPU
		{56009548-589A-44FE-8D1D-9ED9C2BFE25B}.Debug|iPhone.Build.0 = Debug|Any CPU
		{56009548-589A-44FE-8D1D-9ED9C2BFE25B}.Debug|iPhoneSimulator.ActiveCfg = Debug|Any CPU
		{56009548-589A-44FE-8D1D-9ED9C2BFE25B}.Debug|iPhoneSimulator.Build.0 = Debug|Any CPU
		{56009548-589A-44FE-8D1D-9ED9C2BFE25B}.Release|Any CPU.ActiveCfg = Release|Any CPU
		{56009548-589A-44FE-8D1D-9ED9C2BFE25B}.Release|Any CPU.Build.0 = Release|Any CPU
		{56009548-589A-44FE-8D1D-9ED9C2BFE25B}.Release|iPhone.ActiveCfg = Release|Any CPU
		{56009548-589A-44FE-8D1D-9ED9C2BFE25B}.Release|iPhone.Build.0 = Release|Any CPU
		{56009548-589A-44FE-8D1D-9ED9C2BFE25B}.Release|iPhoneSimulator.ActiveCfg = Release|Any CPU
		{56009548-589A-44FE-8D1D-9ED9C2BFE25B}.Release|iPhoneSimulator.Build.0 = Release|Any CPU
		{1E1404A1-C8E0-45D0-B69E-E88D53490100}.Debug|Any CPU.ActiveCfg = Debug|Any CPU
		{1E1404A1-C8E0-45D0-B69E-E88D53490100}.Debug|Any CPU.Build.0 = Debug|Any CPU
		{1E1404A1-C8E0-45D0-B69E-E88D53490100}.Debug|iPhone.ActiveCfg = Debug|Any CPU
		{1E1404A1-C8E0-45D0-B69E-E88D53490100}.Debug|iPhone.Build.0 = Debug|Any CPU
		{1E1404A1-C8E0-45D0-B69E-E88D53490100}.Debug|iPhoneSimulator.ActiveCfg = Debug|Any CPU
		{1E1404A1-C8E0-45D0-B69E-E88D53490100}.Debug|iPhoneSimulator.Build.0 = Debug|Any CPU
		{1E1404A1-C8E0-45D0-B69E-E88D53490100}.Release|Any CPU.ActiveCfg = Release|Any CPU
		{1E1404A1-C8E0-45D0-B69E-E88D53490100}.Release|Any CPU.Build.0 = Release|Any CPU
		{1E1404A1-C8E0-45D0-B69E-E88D53490100}.Release|iPhone.ActiveCfg = Release|Any CPU
		{1E1404A1-C8E0-45D0-B69E-E88D53490100}.Release|iPhone.Build.0 = Release|Any CPU
		{1E1404A1-C8E0-45D0-B69E-E88D53490100}.Release|iPhoneSimulator.ActiveCfg = Release|Any CPU
		{1E1404A1-C8E0-45D0-B69E-E88D53490100}.Release|iPhoneSimulator.Build.0 = Release|Any CPU
		{E56A02F2-413B-4E59-B2FD-BDADCD827B07}.Debug|Any CPU.ActiveCfg = Debug|Any CPU
		{E56A02F2-413B-4E59-B2FD-BDADCD827B07}.Debug|Any CPU.Build.0 = Debug|Any CPU
		{E56A02F2-413B-4E59-B2FD-BDADCD827B07}.Debug|iPhone.ActiveCfg = Debug|Any CPU
		{E56A02F2-413B-4E59-B2FD-BDADCD827B07}.Debug|iPhone.Build.0 = Debug|Any CPU
		{E56A02F2-413B-4E59-B2FD-BDADCD827B07}.Debug|iPhoneSimulator.ActiveCfg = Debug|Any CPU
		{E56A02F2-413B-4E59-B2FD-BDADCD827B07}.Debug|iPhoneSimulator.Build.0 = Debug|Any CPU
		{E56A02F2-413B-4E59-B2FD-BDADCD827B07}.Release|Any CPU.ActiveCfg = Release|Any CPU
		{E56A02F2-413B-4E59-B2FD-BDADCD827B07}.Release|Any CPU.Build.0 = Release|Any CPU
		{E56A02F2-413B-4E59-B2FD-BDADCD827B07}.Release|iPhone.ActiveCfg = Release|Any CPU
		{E56A02F2-413B-4E59-B2FD-BDADCD827B07}.Release|iPhone.Build.0 = Release|Any CPU
		{E56A02F2-413B-4E59-B2FD-BDADCD827B07}.Release|iPhoneSimulator.ActiveCfg = Release|Any CPU
		{E56A02F2-413B-4E59-B2FD-BDADCD827B07}.Release|iPhoneSimulator.Build.0 = Release|Any CPU
		{FBB1594D-B892-4FCB-BA30-A0D4E2F6BC5B}.Debug|Any CPU.ActiveCfg = Debug|Any CPU
		{FBB1594D-B892-4FCB-BA30-A0D4E2F6BC5B}.Debug|Any CPU.Build.0 = Debug|Any CPU
		{FBB1594D-B892-4FCB-BA30-A0D4E2F6BC5B}.Debug|iPhone.ActiveCfg = Debug|Any CPU
		{FBB1594D-B892-4FCB-BA30-A0D4E2F6BC5B}.Debug|iPhone.Build.0 = Debug|Any CPU
		{FBB1594D-B892-4FCB-BA30-A0D4E2F6BC5B}.Debug|iPhoneSimulator.ActiveCfg = Debug|Any CPU
		{FBB1594D-B892-4FCB-BA30-A0D4E2F6BC5B}.Debug|iPhoneSimulator.Build.0 = Debug|Any CPU
		{FBB1594D-B892-4FCB-BA30-A0D4E2F6BC5B}.Release|Any CPU.ActiveCfg = Release|Any CPU
		{FBB1594D-B892-4FCB-BA30-A0D4E2F6BC5B}.Release|Any CPU.Build.0 = Release|Any CPU
		{FBB1594D-B892-4FCB-BA30-A0D4E2F6BC5B}.Release|iPhone.ActiveCfg = Release|Any CPU
		{FBB1594D-B892-4FCB-BA30-A0D4E2F6BC5B}.Release|iPhone.Build.0 = Release|Any CPU
		{FBB1594D-B892-4FCB-BA30-A0D4E2F6BC5B}.Release|iPhoneSimulator.ActiveCfg = Release|Any CPU
		{FBB1594D-B892-4FCB-BA30-A0D4E2F6BC5B}.Release|iPhoneSimulator.Build.0 = Release|Any CPU
		{1FB4EE31-DF41-4A4C-8E81-013B39C66CD0}.Debug|Any CPU.ActiveCfg = Debug|Any CPU
		{1FB4EE31-DF41-4A4C-8E81-013B39C66CD0}.Debug|Any CPU.Build.0 = Debug|Any CPU
		{1FB4EE31-DF41-4A4C-8E81-013B39C66CD0}.Debug|iPhone.ActiveCfg = Debug|Any CPU
		{1FB4EE31-DF41-4A4C-8E81-013B39C66CD0}.Debug|iPhone.Build.0 = Debug|Any CPU
		{1FB4EE31-DF41-4A4C-8E81-013B39C66CD0}.Debug|iPhoneSimulator.ActiveCfg = Debug|Any CPU
		{1FB4EE31-DF41-4A4C-8E81-013B39C66CD0}.Debug|iPhoneSimulator.Build.0 = Debug|Any CPU
		{1FB4EE31-DF41-4A4C-8E81-013B39C66CD0}.Release|Any CPU.ActiveCfg = Release|Any CPU
		{1FB4EE31-DF41-4A4C-8E81-013B39C66CD0}.Release|Any CPU.Build.0 = Release|Any CPU
		{1FB4EE31-DF41-4A4C-8E81-013B39C66CD0}.Release|iPhone.ActiveCfg = Release|Any CPU
		{1FB4EE31-DF41-4A4C-8E81-013B39C66CD0}.Release|iPhone.Build.0 = Release|Any CPU
		{1FB4EE31-DF41-4A4C-8E81-013B39C66CD0}.Release|iPhoneSimulator.ActiveCfg = Release|Any CPU
		{1FB4EE31-DF41-4A4C-8E81-013B39C66CD0}.Release|iPhoneSimulator.Build.0 = Release|Any CPU
	EndGlobalSection
	GlobalSection(SolutionProperties) = preSolution
		HideSolutionNode = FALSE
	EndGlobalSection
	GlobalSection(ExtensibilityGlobals) = postSolution
		SolutionGuid = {8B5472F6-4A90-4442-B0E0-81D8518A87AF}
	EndGlobalSection
	GlobalSection(NestedProjects) = preSolution
		{56009548-589A-44FE-8D1D-9ED9C2BFE25B} = {C343D60B-4E73-4E44-A0CC-FF55AF557C47}
		{1E1404A1-C8E0-45D0-B69E-E88D53490100} = {F541D6C5-78CC-4AE1-86F4-3D580FF6AC62}
		{E56A02F2-413B-4E59-B2FD-BDADCD827B07} = {46A55342-49AC-4C2A-A476-2B808B13F65F}
		{FBB1594D-B892-4FCB-BA30-A0D4E2F6BC5B} = {46A55342-49AC-4C2A-A476-2B808B13F65F}
		{1FB4EE31-DF41-4A4C-8E81-013B39C66CD0} = {46A55342-49AC-4C2A-A476-2B808B13F65F}
	EndGlobalSection
EndGlobal
